
Microsoft Visual Studio Solution File, Format Version 12.00
# Visual Studio Version 17
VisualStudioVersion = 17.2.32505.173
MinimumVisualStudioVersion = 10.0.40219.1
Project("{9A19103F-16F7-4668-BE54-9A1E7A4F7556}") = "PeopleDataApp", "PeopleDataApp.csproj", "{72A7AB0B-465A-4DF2-B9C4-68431B4E4AA3}"
EndProject
Global
	GlobalSection(SolutionConfigurationPlatforms) = preSolution
		Debug|Any CPU = Debug|Any CPU
		Release|Any CPU = Release|Any CPU
	EndGlobalSection
	GlobalSection(ProjectConfigurationPlatforms) = postSolution
		{72A7AB0B-465A-4DF2-B9C4-68431B4E4AA3}.Debug|Any CPU.ActiveCfg = Debug|Any CPU
		{72A7AB0B-465A-4DF2-B9C4-68431B4E4AA3}.Debug|Any CPU.Build.0 = Debug|Any CPU
		{72A7AB0B-465A-4DF2-B9C4-68431B4E4AA3}.Release|Any CPU.ActiveCfg = Release|Any CPU
		{72A7AB0B-465A-4DF2-B9C4-68431B4E4AA3}.Release|Any CPU.Build.0 = Release|Any CPU
	EndGlobalSection
	GlobalSection(SolutionProperties) = preSolution
		HideSolutionNode = FALSE
	EndGlobalSection
	GlobalSection(ExtensibilityGlobals) = postSolution
		SolutionGuid = {4F7910A0-3C5A-4153-A8C4-0ACAD079380D}
	EndGlobalSection
EndGlobal
